// !$*UTF8*$!
{
	archiveVersion = 1;
	classes = {
	};
	objectVersion = 46;
	objects = {

/* Begin PBXBuildFile section */
		1F3065FD19FEB02B00132854 /* AppDelegate.swift in Sources */ = {isa = PBXBuildFile; fileRef = 1F3065FC19FEB02B00132854 /* AppDelegate.swift */; };
		1F3065FF19FEB02B00132854 /* ViewController.swift in Sources */ = {isa = PBXBuildFile; fileRef = 1F3065FE19FEB02B00132854 /* ViewController.swift */; };
		1F30660219FEB02B00132854 /* Main.storyboard in Resources */ = {isa = PBXBuildFile; fileRef = 1F30660019FEB02B00132854 /* Main.storyboard */; };
		1F30660419FEB02B00132854 /* Images.xcassets in Resources */ = {isa = PBXBuildFile; fileRef = 1F30660319FEB02B00132854 /* Images.xcassets */; };
		1F30660719FEB02B00132854 /* LaunchScreen.xib in Resources */ = {isa = PBXBuildFile; fileRef = 1F30660519FEB02B00132854 /* LaunchScreen.xib */; };
		1F30661319FEB02B00132854 /* SizeClassesTests.swift in Sources */ = {isa = PBXBuildFile; fileRef = 1F30661219FEB02B00132854 /* SizeClassesTests.swift */; };
/* End PBXBuildFile section */

/* Begin PBXContainerItemProxy section */
		1F30660D19FEB02B00132854 /* PBXContainerItemProxy */ = {
			isa = PBXContainerItemProxy;
			containerPortal = 1F3065EF19FEB02B00132854 /* Project object */;
			proxyType = 1;
			remoteGlobalIDString = 1F3065F619FEB02B00132854;
			remoteInfo = SizeClasses;
		};
/* End PBXContainerItemProxy section */

/* Begin PBXFileReference section */
		1F3065F719FEB02B00132854 /* SizeClasses.app */ = {isa = PBXFileReference; explicitFileType = wrapper.application; includeInIndex = 0; path = SizeClasses.app; sourceTree = BUILT_PRODUCTS_DIR; };
		1F3065FB19FEB02B00132854 /* Info.plist */ = {isa = PBXFileReference; lastKnownFileType = text.plist.xml; path = Info.plist; sourceTree = "<group>"; };
		1F3065FC19FEB02B00132854 /* AppDelegate.swift */ = {isa = PBXFileReference; lastKnownFileType = sourcecode.swift; path = AppDelegate.swift; sourceTree = "<group>"; };
		1F3065FE19FEB02B00132854 /* ViewController.swift */ = {isa = PBXFileReference; lastKnownFileType = sourcecode.swift; path = ViewController.swift; sourceTree = "<group>"; };
		1F30660119FEB02B00132854 /* Base */ = {isa = PBXFileReference; lastKnownFileType = file.storyboard; name = Base; path = Base.lproj/Main.storyboard; sourceTree = "<group>"; };
		1F30660319FEB02B00132854 /* Images.xcassets */ = {isa = PBXFileReference; lastKnownFileType = folder.assetcatalog; path = Images.xcassets; sourceTree = "<group>"; };
		1F30660619FEB02B00132854 /* Base */ = {isa = PBXFileReference; lastKnownFileType = file.xib; name = Base; path = Base.lproj/LaunchScreen.xib; sourceTree = "<group>"; };
		1F30660C19FEB02B00132854 /* SizeClassesTests.xctest */ = {isa = PBXFileReference; explicitFileType = wrapper.cfbundle; includeInIndex = 0; path = SizeClassesTests.xctest; sourceTree = BUILT_PRODUCTS_DIR; };
		1F30661119FEB02B00132854 /* Info.plist */ = {isa = PBXFileReference; lastKnownFileType = text.plist.xml; path = Info.plist; sourceTree = "<group>"; };
		1F30661219FEB02B00132854 /* SizeClassesTests.swift */ = {isa = PBXFileReference; lastKnownFileType = sourcecode.swift; path = SizeClassesTests.swift; sourceTree = "<group>"; };
/* End PBXFileReference section */

/* Begin PBXFrameworksBuildPhase section */
		1F3065F419FEB02B00132854 /* Frameworks */ = {
			isa = PBXFrameworksBuildPhase;
			buildActionMask = 2147483647;
			files = (
			);
			runOnlyForDeploymentPostprocessing = 0;
		};
		1F30660919FEB02B00132854 /* Frameworks */ = {
			isa = PBXFrameworksBuildPhase;
			buildActionMask = 2147483647;
			files = (
			);
			runOnlyForDeploymentPostprocessing = 0;
		};
/* End PBXFrameworksBuildPhase section */

/* Begin PBXGroup section */
		1F3065EE19FEB02B00132854 = {
			isa = PBXGroup;
			children = (
				1F3065F919FEB02B00132854 /* SizeClasses */,
				1F30660F19FEB02B00132854 /* SizeClassesTests */,
				1F3065F819FEB02B00132854 /* Products */,
			);
			sourceTree = "<group>";
		};
		1F3065F819FEB02B00132854 /* Products */ = {
			isa = PBXGroup;
			children = (
				1F3065F719FEB02B00132854 /* SizeClasses.app */,
				1F30660C19FEB02B00132854 /* SizeClassesTests.xctest */,
			);
			name = Products;
			sourceTree = "<group>";
		};
		1F3065F919FEB02B00132854 /* SizeClasses */ = {
			isa = PBXGroup;
			children = (
				1F3065FC19FEB02B00132854 /* AppDelegate.swift */,
				1F3065FE19FEB02B00132854 /* ViewController.swift */,
				1F30660019FEB02B00132854 /* Main.storyboard */,
				1F30660319FEB02B00132854 /* Images.xcassets */,
				1F30660519FEB02B00132854 /* LaunchScreen.xib */,
				1F3065FA19FEB02B00132854 /* Supporting Files */,
			);
			path = SizeClasses;
			sourceTree = "<group>";
		};
		1F3065FA19FEB02B00132854 /* Supporting Files */ = {
			isa = PBXGroup;
			children = (
				1F3065FB19FEB02B00132854 /* Info.plist */,
			);
			name = "Supporting Files";
			sourceTree = "<group>";
		};
		1F30660F19FEB02B00132854 /* SizeClassesTests */ = {
			isa = PBXGroup;
			children = (
				1F30661219FEB02B00132854 /* SizeClassesTests.swift */,
				1F30661019FEB02B00132854 /* Supporting Files */,
			);
			path = SizeClassesTests;
			sourceTree = "<group>";
		};
		1F30661019FEB02B00132854 /* Supporting Files */ = {
			isa = PBXGroup;
			children = (
				1F30661119FEB02B00132854 /* Info.plist */,
			);
			name = "Supporting Files";
			sourceTree = "<group>";
		};
/* End PBXGroup section */

/* Begin PBXNativeTarget section */
		1F3065F619FEB02B00132854 /* SizeClasses */ = {
			isa = PBXNativeTarget;
			buildConfigurationList = 1F30661619FEB02B00132854 /* Build configuration list for PBXNativeTarget "SizeClasses" */;
			buildPhases = (
				1F3065F319FEB02B00132854 /* Sources */,
				1F3065F419FEB02B00132854 /* Frameworks */,
				1F3065F519FEB02B00132854 /* Resources */,
			);
			buildRules = (
			);
			dependencies = (
			);
			name = SizeClasses;
			productName = SizeClasses;
			productReference = 1F3065F719FEB02B00132854 /* SizeClasses.app */;
			productType = "com.apple.product-type.application";
		};
		1F30660B19FEB02B00132854 /* SizeClassesTests */ = {
			isa = PBXNativeTarget;
			buildConfigurationList = 1F30661919FEB02B00132854 /* Build configuration list for PBXNativeTarget "SizeClassesTests" */;
			buildPhases = (
				1F30660819FEB02B00132854 /* Sources */,
				1F30660919FEB02B00132854 /* Frameworks */,
				1F30660A19FEB02B00132854 /* Resources */,
			);
			buildRules = (
			);
			dependencies = (
				1F30660E19FEB02B00132854 /* PBXTargetDependency */,
			);
			name = SizeClassesTests;
			productName = SizeClassesTests;
			productReference = 1F30660C19FEB02B00132854 /* SizeClassesTests.xctest */;
			productType = "com.apple.product-type.bundle.unit-test";
		};
/* End PBXNativeTarget section */

/* Begin PBXProject section */
		1F3065EF19FEB02B00132854 /* Project object */ = {
			isa = PBXProject;
			attributes = {
				LastUpgradeCheck = 0610;
				ORGANIZATIONNAME = "Travis Baker";
				TargetAttributes = {
					1F3065F619FEB02B00132854 = {
						CreatedOnToolsVersion = 6.1;
					};
					1F30660B19FEB02B00132854 = {
						CreatedOnToolsVersion = 6.1;
						TestTargetID = 1F3065F619FEB02B00132854;
					};
				};
			};
			buildConfigurationList = 1F3065F219FEB02B00132854 /* Build configuration list for PBXProject "SizeClasses" */;
			compatibilityVersion = "Xcode 3.2";
			developmentRegion = English;
			hasScannedForEncodings = 0;
			knownRegions = (
				en,
				Base,
			);
			mainGroup = 1F3065EE19FEB02B00132854;
			productRefGroup = 1F3065F819FEB02B00132854 /* Products */;
			projectDirPath = "";
			projectRoot = "";
			targets = (
				1F3065F619FEB02B00132854 /* SizeClasses */,
				1F30660B19FEB02B00132854 /* SizeClassesTests */,
			);
		};
/* End PBXProject section */

/* Begin PBXResourcesBuildPhase section */
		1F3065F519FEB02B00132854 /* Resources */ = {
			isa = PBXResourcesBuildPhase;
			buildActionMask = 2147483647;
			files = (
				1F30660219FEB02B00132854 /* Main.storyboard in Resources */,
				1F30660719FEB02B00132854 /* LaunchScreen.xib in Resources */,
				1F30660419FEB02B00132854 /* Images.xcassets in Resources */,
			);
			runOnlyForDeploymentPostprocessing = 0;
		};
		1F30660A19FEB02B00132854 /* Resources */ = {
			isa = PBXResourcesBuildPhase;
			buildActionMask = 2147483647;
			files = (
			);
			runOnlyForDeploymentPostprocessing = 0;
		};
/* End PBXResourcesBuildPhase section */

/* Begin PBXSourcesBuildPhase section */
		1F3065F319FEB02B00132854 /* Sources */ = {
			isa = PBXSourcesBuildPhase;
			buildActionMask = 2147483647;
			files = (
				1F3065FF19FEB02B00132854 /* ViewController.swift in Sources */,
				1F3065FD19FEB02B00132854 /* AppDelegate.swift in Sources */,
			);
			runOnlyForDeploymentPostprocessing = 0;
		};
		1F30660819FEB02B00132854 /* Sources */ = {
			isa = PBXSourcesBuildPhase;
			buildActionMask = 2147483647;
			files = (
				1F30661319FEB02B00132854 /* SizeClassesTests.swift in Sources */,
			);
			runOnlyForDeploymentPostprocessing = 0;
		};
/* End PBXSourcesBuildPhase section */

/* Begin PBXTargetDependency section */
		1F30660E19FEB02B00132854 /* PBXTargetDependency */ = {
			isa = PBXTargetDependency;
			target = 1F3065F619FEB02B00132854 /* SizeClasses */;
			targetProxy = 1F30660D19FEB02B00132854 /* PBXContainerItemProxy */;
		};
/* End PBXTargetDependency section */

/* Begin PBXVariantGroup section */
		1F30660019FEB02B00132854 /* Main.storyboard */ = {
			isa = PBXVariantGroup;
			children = (
				1F30660119FEB02B00132854 /* Base */,
			);
			name = Main.storyboard;
			sourceTree = "<group>";
		};
		1F30660519FEB02B00132854 /* LaunchScreen.xib */ = {
			isa = PBXVariantGroup;
			children = (
				1F30660619FEB02B00132854 /* Base */,
			);
			name = LaunchScreen.xib;
			sourceTree = "<group>";
		};
/* End PBXVariantGroup section */

/* Begin XCBuildConfiguration section */
		1F30661419FEB02B00132854 /* Debug */ = {
			isa = XCBuildConfiguration;
			buildSettings = {
				ALWAYS_SEARCH_USER_PATHS = NO;
				CLANG_CXX_LANGUAGE_STANDARD = "gnu++0x";
				CLANG_CXX_LIBRARY = "libc++";
				CLANG_ENABLE_MODULES = YES;
				CLANG_ENABLE_OBJC_ARC = YES;
				CLANG_WARN_BOOL_CONVERSION = YES;
				CLANG_WARN_CONSTANT_CONVERSION = YES;
				CLANG_WARN_DIRECT_OBJC_ISA_USAGE = YES_ERROR;
				CLANG_WARN_EMPTY_BODY = YES;
				CLANG_WARN_ENUM_CONVERSION = YES;
				CLANG_WARN_INT_CONVERSION = YES;
				CLANG_WARN_OBJC_ROOT_CLASS = YES_ERROR;
				CLANG_WARN_UNREACHABLE_CODE = YES;
				CLANG_WARN__DUPLICATE_METHOD_MATCH = YES;
				"CODE_SIGN_IDENTITY[sdk=iphoneos*]" = "iPhone Developer";
				COPY_PHASE_STRIP = NO;
				ENABLE_STRICT_OBJC_MSGSEND = YES;
				GCC_C_LANGUAGE_STANDARD = gnu99;
				GCC_DYNAMIC_NO_PIC = NO;
				GCC_OPTIMIZATION_LEVEL = 0;
				GCC_PREPROCESSOR_DEFINITIONS = (
					"DEBUG=1",
					"$(inherited)",
				);
				GCC_SYMBOLS_PRIVATE_EXTERN = NO;
				GCC_WARN_64_TO_32_BIT_CONVERSION = YES;
				GCC_WARN_ABOUT_RETURN_TYPE = YES_ERROR;
				GCC_WARN_UNDECLARED_SELECTOR = YES;
				GCC_WARN_UNINITIALIZED_AUTOS = YES_AGGRESSIVE;
				GCC_WARN_UNUSED_FUNCTION = YES;
				GCC_WARN_UNUSED_VARIABLE = YES;
				IPHONEOS_DEPLOYMENT_TARGET = 8.1;
				MTL_ENABLE_DEBUG_INFO = YES;
				ONLY_ACTIVE_ARCH = YES;
				SDKROOT = iphoneos;
				SWIFT_OPTIMIZATION_LEVEL = "-Onone";
			};
			name = Debug;
		};
		1F30661519FEB02B00132854 /* Release */ = {
			isa = XCBuildConfiguration;
			buildSettings = {
				ALWAYS_SEARCH_USER_PATHS = NO;
				CLANG_CXX_LANGUAGE_STANDARD = "gnu++0x";
				CLANG_CXX_LIBRARY = "libc++";
				CLANG_ENABLE_MODULES = YES;
				CLANG_ENABLE_OBJC_ARC = YES;
				CLANG_WARN_BOOL_CONVERSION = YES;
				CLANG_WARN_CONSTANT_CONVERSION = YES;
				CLANG_WARN_DIRECT_OBJC_ISA_USAGE = YES_ERROR;
				CLANG_WARN_EMPTY_BODY = YES;
				CLANG_WARN_ENUM_CONVERSION = YES;
				CLANG_WARN_INT_CONVERSION = YES;
				CLANG_WARN_OBJC_ROOT_CLASS = YES_ERROR;
				CLANG_WARN_UNREACHABLE_CODE = YES;
				CLANG_WARN__DUPLICATE_METHOD_MATCH = YES;
				"CODE_SIGN_IDENTITY[sdk=iphoneos*]" = "iPhone Developer";
				COPY_PHASE_STRIP = YES;
				ENABLE_NS_ASSERTIONS = NO;
				ENABLE_STRICT_OBJC_MSGSEND = YES;
				GCC_C_LANGUAGE_STANDARD = gnu99;
				GCC_WARN_64_TO_32_BIT_CONVERSION = YES;
				GCC_WARN_ABOUT_RETURN_TYPE = YES_ERROR;
				GCC_WARN_UNDECLARED_SELECTOR = YES;
				GCC_WARN_UNINITIALIZED_AUTOS = YES_AGGRESSIVE;
				GCC_WARN_UNUSED_FUNCTION = YES;
				GCC_WARN_UNUSED_VARIABLE = YES;
				IPHONEOS_DEPLOYMENT_TARGET = 8.1;
				MTL_ENABLE_DEBUG_INFO = NO;
				SDKROOT = iphoneos;
				VALIDATE_PRODUCT = YES;
			};
			name = Release;
		};
		1F30661719FEB02B00132854 /* Debug */ = {
			isa = XCBuildConfiguration;
			buildSettings = {
				ASSETCATALOG_COMPILER_APPICON_NAME = AppIcon;
				INFOPLIST_FILE = SizeClasses/Info.plist;
				LD_RUNPATH_SEARCH_PATHS = "$(inherited) @executable_path/Frameworks";
				PRODUCT_NAME = "$(TARGET_NAME)";
			};
			name = Debug;
		};
		1F30661819FEB02B00132854 /* Release */ = {
			isa = XCBuildConfiguration;
			buildSettings = {
				ASSETCATALOG_COMPILER_APPICON_NAME = AppIcon;
				INFOPLIST_FILE = SizeClasses/Info.plist;
				LD_RUNPATH_SEARCH_PATHS = "$(inherited) @executable_path/Frameworks";
				PRODUCT_NAME = "$(TARGET_NAME)";
			};
			name = Release;
		};
		1F30661A19FEB02B00132854 /* Debug */ = {
			isa = XCBuildConfiguration;
			buildSettings = {
				BUNDLE_LOADER = "$(TEST_HOST)";
				FRAMEWORK_SEARCH_PATHS = (
					"$(SDKROOT)/Developer/Library/Frameworks",
					"$(inherited)",
				);
				GCC_PREPROCESSOR_DEFINITIONS = (
					"DEBUG=1",
					"$(inherited)",
				);
				INFOPLIST_FILE = SizeClassesTests/Info.plist;
				LD_RUNPATH_SEARCH_PATHS = "$(inherited) @executable_path/Frameworks @loader_path/Frameworks";
				PRODUCT_NAME = "$(TARGET_NAME)";
				TEST_HOST = "$(BUILT_PRODUCTS_DIR)/SizeClasses.app/SizeClasses";
			};
			name = Debug;
		};
		1F30661B19FEB02B00132854 /* Release */ = {
			isa = XCBuildConfiguration;
			buildSettings = {
				BUNDLE_LOADER = "$(TEST_HOST)";
				FRAMEWORK_SEARCH_PATHS = (
					"$(SDKROOT)/Developer/Library/Frameworks",
					"$(inherited)",
				);
				INFOPLIST_FILE = SizeClassesTests/Info.plist;
				LD_RUNPATH_SEARCH_PATHS = "$(inherited) @executable_path/Frameworks @loader_path/Frameworks";
				PRODUCT_NAME = "$(TARGET_NAME)";
				TEST_HOST = "$(BUILT_PRODUCTS_DIR)/SizeClasses.app/SizeClasses";
			};
			name = Release;
		};
/* End XCBuildConfiguration section */

/* Begin XCConfigurationList section */
		1F3065F219FEB02B00132854 /* Build configuration list for PBXProject "SizeClasses" */ = {
			isa = XCConfigurationList;
			buildConfigurations = (
				1F30661419FEB02B00132854 /* Debug */,
				1F30661519FEB02B00132854 /* Release */,
			);
			defaultConfigurationIsVisible = 0;
			defaultConfigurationName = Release;
		};
		1F30661619FEB02B00132854 /* Build configuration list for PBXNativeTarget "SizeClasses" */ = {
			isa = XCConfigurationList;
			buildConfigurations = (
				1F30661719FEB02B00132854 /* Debug */,
				1F30661819FEB02B00132854 /* Release */,
			);
			defaultConfigurationIsVisible = 0;
		};
		1F30661919FEB02B00132854 /* Build configuration list for PBXNativeTarget "SizeClassesTests" */ = {
			isa = XCConfigurationList;
			buildConfigurations = (
				1F30661A19FEB02B00132854 /* Debug */,
				1F30661B19FEB02B00132854 /* Release */,
			);
			defaultConfigurationIsVisible = 0;
		};
/* End XCConfigurationList section */
	};
	rootObject = 1F3065EF19FEB02B00132854 /* Project object */;
}
