// !$*UTF8*$!
{
	archiveVersion = 1;
	classes = {
	};
	objectVersion = 46;
	objects = {

/* Begin PBXBuildFile section */
		1FD076621A01E86C00878221 /* AppDelegate.swift in Sources */ = {isa = PBXBuildFile; fileRef = 1FD076611A01E86C00878221 /* AppDelegate.swift */; };
		1FD076641A01E86C00878221 /* ViewController.swift in Sources */ = {isa = PBXBuildFile; fileRef = 1FD076631A01E86C00878221 /* ViewController.swift */; };
		1FD076671A01E86C00878221 /* Main.storyboard in Resources */ = {isa = PBXBuildFile; fileRef = 1FD076651A01E86C00878221 /* Main.storyboard */; };
		1FD076691A01E86C00878221 /* Images.xcassets in Resources */ = {isa = PBXBuildFile; fileRef = 1FD076681A01E86C00878221 /* Images.xcassets */; };
		1FD0766C1A01E86C00878221 /* LaunchScreen.xib in Resources */ = {isa = PBXBuildFile; fileRef = 1FD0766A1A01E86C00878221 /* LaunchScreen.xib */; };
		1FD076781A01E86C00878221 /* DragginTests.swift in Sources */ = {isa = PBXBuildFile; fileRef = 1FD076771A01E86C00878221 /* DragginTests.swift */; };
/* End PBXBuildFile section */

/* Begin PBXContainerItemProxy section */
		1FD076721A01E86C00878221 /* PBXContainerItemProxy */ = {
			isa = PBXContainerItemProxy;
			containerPortal = 1FD076541A01E86C00878221 /* Project object */;
			proxyType = 1;
			remoteGlobalIDString = 1FD0765B1A01E86C00878221;
			remoteInfo = Draggin;
		};
/* End PBXContainerItemProxy section */

/* Begin PBXFileReference section */
		1FD0765C1A01E86C00878221 /* Draggin.app */ = {isa = PBXFileReference; explicitFileType = wrapper.application; includeInIndex = 0; path = Draggin.app; sourceTree = BUILT_PRODUCTS_DIR; };
		1FD076601A01E86C00878221 /* Info.plist */ = {isa = PBXFileReference; lastKnownFileType = text.plist.xml; path = Info.plist; sourceTree = "<group>"; };
		1FD076611A01E86C00878221 /* AppDelegate.swift */ = {isa = PBXFileReference; lastKnownFileType = sourcecode.swift; path = AppDelegate.swift; sourceTree = "<group>"; };
		1FD076631A01E86C00878221 /* ViewController.swift */ = {isa = PBXFileReference; lastKnownFileType = sourcecode.swift; path = ViewController.swift; sourceTree = "<group>"; };
		1FD076661A01E86C00878221 /* Base */ = {isa = PBXFileReference; lastKnownFileType = file.storyboard; name = Base; path = Base.lproj/Main.storyboard; sourceTree = "<group>"; };
		1FD076681A01E86C00878221 /* Images.xcassets */ = {isa = PBXFileReference; lastKnownFileType = folder.assetcatalog; path = Images.xcassets; sourceTree = "<group>"; };
		1FD0766B1A01E86C00878221 /* Base */ = {isa = PBXFileReference; lastKnownFileType = file.xib; name = Base; path = Base.lproj/LaunchScreen.xib; sourceTree = "<group>"; };
		1FD076711A01E86C00878221 /* DragginTests.xctest */ = {isa = PBXFileReference; explicitFileType = wrapper.cfbundle; includeInIndex = 0; path = DragginTests.xctest; sourceTree = BUILT_PRODUCTS_DIR; };
		1FD076761A01E86C00878221 /* Info.plist */ = {isa = PBXFileReference; lastKnownFileType = text.plist.xml; path = Info.plist; sourceTree = "<group>"; };
		1FD076771A01E86C00878221 /* DragginTests.swift */ = {isa = PBXFileReference; lastKnownFileType = sourcecode.swift; path = DragginTests.swift; sourceTree = "<group>"; };
/* End PBXFileReference section */

/* Begin PBXFrameworksBuildPhase section */
		1FD076591A01E86C00878221 /* Frameworks */ = {
			isa = PBXFrameworksBuildPhase;
			buildActionMask = 2147483647;
			files = (
			);
			runOnlyForDeploymentPostprocessing = 0;
		};
		1FD0766E1A01E86C00878221 /* Frameworks */ = {
			isa = PBXFrameworksBuildPhase;
			buildActionMask = 2147483647;
			files = (
			);
			runOnlyForDeploymentPostprocessing = 0;
		};
/* End PBXFrameworksBuildPhase section */

/* Begin PBXGroup section */
		1FD076531A01E86C00878221 = {
			isa = PBXGroup;
			children = (
				1FD0765E1A01E86C00878221 /* Draggin */,
				1FD076741A01E86C00878221 /* DragginTests */,
				1FD0765D1A01E86C00878221 /* Products */,
			);
			sourceTree = "<group>";
		};
		1FD0765D1A01E86C00878221 /* Products */ = {
			isa = PBXGroup;
			children = (
				1FD0765C1A01E86C00878221 /* Draggin.app */,
				1FD076711A01E86C00878221 /* DragginTests.xctest */,
			);
			name = Products;
			sourceTree = "<group>";
		};
		1FD0765E1A01E86C00878221 /* Draggin */ = {
			isa = PBXGroup;
			children = (
				1FD076611A01E86C00878221 /* AppDelegate.swift */,
				1FD076631A01E86C00878221 /* ViewController.swift */,
				1FD076651A01E86C00878221 /* Main.storyboard */,
				1FD076681A01E86C00878221 /* Images.xcassets */,
				1FD0766A1A01E86C00878221 /* LaunchScreen.xib */,
				1FD0765F1A01E86C00878221 /* Supporting Files */,
			);
			path = Draggin;
			sourceTree = "<group>";
		};
		1FD0765F1A01E86C00878221 /* Supporting Files */ = {
			isa = PBXGroup;
			children = (
				1FD076601A01E86C00878221 /* Info.plist */,
			);
			name = "Supporting Files";
			sourceTree = "<group>";
		};
		1FD076741A01E86C00878221 /* DragginTests */ = {
			isa = PBXGroup;
			children = (
				1FD076771A01E86C00878221 /* DragginTests.swift */,
				1FD076751A01E86C00878221 /* Supporting Files */,
			);
			path = DragginTests;
			sourceTree = "<group>";
		};
		1FD076751A01E86C00878221 /* Supporting Files */ = {
			isa = PBXGroup;
			children = (
				1FD076761A01E86C00878221 /* Info.plist */,
			);
			name = "Supporting Files";
			sourceTree = "<group>";
		};
/* End PBXGroup section */

/* Begin PBXNativeTarget section */
		1FD0765B1A01E86C00878221 /* Draggin */ = {
			isa = PBXNativeTarget;
			buildConfigurationList = 1FD0767B1A01E86C00878221 /* Build configuration list for PBXNativeTarget "Draggin" */;
			buildPhases = (
				1FD076581A01E86C00878221 /* Sources */,
				1FD076591A01E86C00878221 /* Frameworks */,
				1FD0765A1A01E86C00878221 /* Resources */,
			);
			buildRules = (
			);
			dependencies = (
			);
			name = Draggin;
			productName = Draggin;
			productReference = 1FD0765C1A01E86C00878221 /* Draggin.app */;
			productType = "com.apple.product-type.application";
		};
		1FD076701A01E86C00878221 /* DragginTests */ = {
			isa = PBXNativeTarget;
			buildConfigurationList = 1FD0767E1A01E86C00878221 /* Build configuration list for PBXNativeTarget "DragginTests" */;
			buildPhases = (
				1FD0766D1A01E86C00878221 /* Sources */,
				1FD0766E1A01E86C00878221 /* Frameworks */,
				1FD0766F1A01E86C00878221 /* Resources */,
			);
			buildRules = (
			);
			dependencies = (
				1FD076731A01E86C00878221 /* PBXTargetDependency */,
			);
			name = DragginTests;
			productName = DragginTests;
			productReference = 1FD076711A01E86C00878221 /* DragginTests.xctest */;
			productType = "com.apple.product-type.bundle.unit-test";
		};
/* End PBXNativeTarget section */

/* Begin PBXProject section */
		1FD076541A01E86C00878221 /* Project object */ = {
			isa = PBXProject;
			attributes = {
				LastUpgradeCheck = 0610;
				ORGANIZATIONNAME = "Travis Baker";
				TargetAttributes = {
					1FD0765B1A01E86C00878221 = {
						CreatedOnToolsVersion = 6.1;
					};
					1FD076701A01E86C00878221 = {
						CreatedOnToolsVersion = 6.1;
						TestTargetID = 1FD0765B1A01E86C00878221;
					};
				};
			};
			buildConfigurationList = 1FD076571A01E86C00878221 /* Build configuration list for PBXProject "Draggin" */;
			compatibilityVersion = "Xcode 3.2";
			developmentRegion = English;
			hasScannedForEncodings = 0;
			knownRegions = (
				en,
				Base,
			);
			mainGroup = 1FD076531A01E86C00878221;
			productRefGroup = 1FD0765D1A01E86C00878221 /* Products */;
			projectDirPath = "";
			projectRoot = "";
			targets = (
				1FD0765B1A01E86C00878221 /* Draggin */,
				1FD076701A01E86C00878221 /* DragginTests */,
			);
		};
/* End PBXProject section */

/* Begin PBXResourcesBuildPhase section */
		1FD0765A1A01E86C00878221 /* Resources */ = {
			isa = PBXResourcesBuildPhase;
			buildActionMask = 2147483647;
			files = (
				1FD076671A01E86C00878221 /* Main.storyboard in Resources */,
				1FD0766C1A01E86C00878221 /* LaunchScreen.xib in Resources */,
				1FD076691A01E86C00878221 /* Images.xcassets in Resources */,
			);
			runOnlyForDeploymentPostprocessing = 0;
		};
		1FD0766F1A01E86C00878221 /* Resources */ = {
			isa = PBXResourcesBuildPhase;
			buildActionMask = 2147483647;
			files = (
			);
			runOnlyForDeploymentPostprocessing = 0;
		};
/* End PBXResourcesBuildPhase section */

/* Begin PBXSourcesBuildPhase section */
		1FD076581A01E86C00878221 /* Sources */ = {
			isa = PBXSourcesBuildPhase;
			buildActionMask = 2147483647;
			files = (
				1FD076641A01E86C00878221 /* ViewController.swift in Sources */,
				1FD076621A01E86C00878221 /* AppDelegate.swift in Sources */,
			);
			runOnlyForDeploymentPostprocessing = 0;
		};
		1FD0766D1A01E86C00878221 /* Sources */ = {
			isa = PBXSourcesBuildPhase;
			buildActionMask = 2147483647;
			files = (
				1FD076781A01E86C00878221 /* DragginTests.swift in Sources */,
			);
			runOnlyForDeploymentPostprocessing = 0;
		};
/* End PBXSourcesBuildPhase section */

/* Begin PBXTargetDependency section */
		1FD076731A01E86C00878221 /* PBXTargetDependency */ = {
			isa = PBXTargetDependency;
			target = 1FD0765B1A01E86C00878221 /* Draggin */;
			targetProxy = 1FD076721A01E86C00878221 /* PBXContainerItemProxy */;
		};
/* End PBXTargetDependency section */

/* Begin PBXVariantGroup section */
		1FD076651A01E86C00878221 /* Main.storyboard */ = {
			isa = PBXVariantGroup;
			children = (
				1FD076661A01E86C00878221 /* Base */,
			);
			name = Main.storyboard;
			sourceTree = "<group>";
		};
		1FD0766A1A01E86C00878221 /* LaunchScreen.xib */ = {
			isa = PBXVariantGroup;
			children = (
				1FD0766B1A01E86C00878221 /* Base */,
			);
			name = LaunchScreen.xib;
			sourceTree = "<group>";
		};
/* End PBXVariantGroup section */

/* Begin XCBuildConfiguration section */
		1FD076791A01E86C00878221 /* Debug */ = {
			isa = XCBuildConfiguration;
			buildSettings = {
				ALWAYS_SEARCH_USER_PATHS = NO;
				CLANG_CXX_LANGUAGE_STANDARD = "gnu++0x";
				CLANG_CXX_LIBRARY = "libc++";
				CLANG_ENABLE_MODULES = YES;
				CLANG_ENABLE_OBJC_ARC = YES;
				CLANG_WARN_BOOL_CONVERSION = YES;
				CLANG_WARN_CONSTANT_CONVERSION = YES;
				CLANG_WARN_DIRECT_OBJC_ISA_USAGE = YES_ERROR;
				CLANG_WARN_EMPTY_BODY = YES;
				CLANG_WARN_ENUM_CONVERSION = YES;
				CLANG_WARN_INT_CONVERSION = YES;
				CLANG_WARN_OBJC_ROOT_CLASS = YES_ERROR;
				CLANG_WARN_UNREACHABLE_CODE = YES;
				CLANG_WARN__DUPLICATE_METHOD_MATCH = YES;
				"CODE_SIGN_IDENTITY[sdk=iphoneos*]" = "iPhone Developer";
				COPY_PHASE_STRIP = NO;
				ENABLE_STRICT_OBJC_MSGSEND = YES;
				GCC_C_LANGUAGE_STANDARD = gnu99;
				GCC_DYNAMIC_NO_PIC = NO;
				GCC_OPTIMIZATION_LEVEL = 0;
				GCC_PREPROCESSOR_DEFINITIONS = (
					"DEBUG=1",
					"$(inherited)",
				);
				GCC_SYMBOLS_PRIVATE_EXTERN = NO;
				GCC_WARN_64_TO_32_BIT_CONVERSION = YES;
				GCC_WARN_ABOUT_RETURN_TYPE = YES_ERROR;
				GCC_WARN_UNDECLARED_SELECTOR = YES;
				GCC_WARN_UNINITIALIZED_AUTOS = YES_AGGRESSIVE;
				GCC_WARN_UNUSED_FUNCTION = YES;
				GCC_WARN_UNUSED_VARIABLE = YES;
				IPHONEOS_DEPLOYMENT_TARGET = 8.1;
				MTL_ENABLE_DEBUG_INFO = YES;
				ONLY_ACTIVE_ARCH = YES;
				SDKROOT = iphoneos;
				SWIFT_OPTIMIZATION_LEVEL = "-Onone";
			};
			name = Debug;
		};
		1FD0767A1A01E86C00878221 /* Release */ = {
			isa = XCBuildConfiguration;
			buildSettings = {
				ALWAYS_SEARCH_USER_PATHS = NO;
				CLANG_CXX_LANGUAGE_STANDARD = "gnu++0x";
				CLANG_CXX_LIBRARY = "libc++";
				CLANG_ENABLE_MODULES = YES;
				CLANG_ENABLE_OBJC_ARC = YES;
				CLANG_WARN_BOOL_CONVERSION = YES;
				CLANG_WARN_CONSTANT_CONVERSION = YES;
				CLANG_WARN_DIRECT_OBJC_ISA_USAGE = YES_ERROR;
				CLANG_WARN_EMPTY_BODY = YES;
				CLANG_WARN_ENUM_CONVERSION = YES;
				CLANG_WARN_INT_CONVERSION = YES;
				CLANG_WARN_OBJC_ROOT_CLASS = YES_ERROR;
				CLANG_WARN_UNREACHABLE_CODE = YES;
				CLANG_WARN__DUPLICATE_METHOD_MATCH = YES;
				"CODE_SIGN_IDENTITY[sdk=iphoneos*]" = "iPhone Developer";
				COPY_PHASE_STRIP = YES;
				ENABLE_NS_ASSERTIONS = NO;
				ENABLE_STRICT_OBJC_MSGSEND = YES;
				GCC_C_LANGUAGE_STANDARD = gnu99;
				GCC_WARN_64_TO_32_BIT_CONVERSION = YES;
				GCC_WARN_ABOUT_RETURN_TYPE = YES_ERROR;
				GCC_WARN_UNDECLARED_SELECTOR = YES;
				GCC_WARN_UNINITIALIZED_AUTOS = YES_AGGRESSIVE;
				GCC_WARN_UNUSED_FUNCTION = YES;
				GCC_WARN_UNUSED_VARIABLE = YES;
				IPHONEOS_DEPLOYMENT_TARGET = 8.1;
				MTL_ENABLE_DEBUG_INFO = NO;
				SDKROOT = iphoneos;
				VALIDATE_PRODUCT = YES;
			};
			name = Release;
		};
		1FD0767C1A01E86C00878221 /* Debug */ = {
			isa = XCBuildConfiguration;
			buildSettings = {
				ASSETCATALOG_COMPILER_APPICON_NAME = AppIcon;
				INFOPLIST_FILE = Draggin/Info.plist;
				LD_RUNPATH_SEARCH_PATHS = "$(inherited) @executable_path/Frameworks";
				PRODUCT_NAME = "$(TARGET_NAME)";
			};
			name = Debug;
		};
		1FD0767D1A01E86C00878221 /* Release */ = {
			isa = XCBuildConfiguration;
			buildSettings = {
				ASSETCATALOG_COMPILER_APPICON_NAME = AppIcon;
				INFOPLIST_FILE = Draggin/Info.plist;
				LD_RUNPATH_SEARCH_PATHS = "$(inherited) @executable_path/Frameworks";
				PRODUCT_NAME = "$(TARGET_NAME)";
			};
			name = Release;
		};
		1FD0767F1A01E86C00878221 /* Debug */ = {
			isa = XCBuildConfiguration;
			buildSettings = {
				BUNDLE_LOADER = "$(TEST_HOST)";
				FRAMEWORK_SEARCH_PATHS = (
					"$(SDKROOT)/Developer/Library/Frameworks",
					"$(inherited)",
				);
				GCC_PREPROCESSOR_DEFINITIONS = (
					"DEBUG=1",
					"$(inherited)",
				);
				INFOPLIST_FILE = DragginTests/Info.plist;
				LD_RUNPATH_SEARCH_PATHS = "$(inherited) @executable_path/Frameworks @loader_path/Frameworks";
				PRODUCT_NAME = "$(TARGET_NAME)";
				TEST_HOST = "$(BUILT_PRODUCTS_DIR)/Draggin.app/Draggin";
			};
			name = Debug;
		};
		1FD076801A01E86C00878221 /* Release */ = {
			isa = XCBuildConfiguration;
			buildSettings = {
				BUNDLE_LOADER = "$(TEST_HOST)";
				FRAMEWORK_SEARCH_PATHS = (
					"$(SDKROOT)/Developer/Library/Frameworks",
					"$(inherited)",
				);
				INFOPLIST_FILE = DragginTests/Info.plist;
				LD_RUNPATH_SEARCH_PATHS = "$(inherited) @executable_path/Frameworks @loader_path/Frameworks";
				PRODUCT_NAME = "$(TARGET_NAME)";
				TEST_HOST = "$(BUILT_PRODUCTS_DIR)/Draggin.app/Draggin";
			};
			name = Release;
		};
/* End XCBuildConfiguration section */

/* Begin XCConfigurationList section */
		1FD076571A01E86C00878221 /* Build configuration list for PBXProject "Draggin" */ = {
			isa = XCConfigurationList;
			buildConfigurations = (
				1FD076791A01E86C00878221 /* Debug */,
				1FD0767A1A01E86C00878221 /* Release */,
			);
			defaultConfigurationIsVisible = 0;
			defaultConfigurationName = Release;
		};
		1FD0767B1A01E86C00878221 /* Build configuration list for PBXNativeTarget "Draggin" */ = {
			isa = XCConfigurationList;
			buildConfigurations = (
				1FD0767C1A01E86C00878221 /* Debug */,
				1FD0767D1A01E86C00878221 /* Release */,
			);
			defaultConfigurationIsVisible = 0;
		};
		1FD0767E1A01E86C00878221 /* Build configuration list for PBXNativeTarget "DragginTests" */ = {
			isa = XCConfigurationList;
			buildConfigurations = (
				1FD0767F1A01E86C00878221 /* Debug */,
				1FD076801A01E86C00878221 /* Release */,
			);
			defaultConfigurationIsVisible = 0;
		};
/* End XCConfigurationList section */
	};
	rootObject = 1FD076541A01E86C00878221 /* Project object */;
}
